
Microsoft Visual Studio Solution File, Format Version 12.00
# Visual Studio Version 17
VisualStudioVersion = 17.7.34031.279
MinimumVisualStudioVersion = 10.0.40219.1
Project("{FAE04EC0-301F-11D3-BF4B-00C04F79EFBC}") = "Quize based Exam Management System", "Quize based Exam Management System\Quize based Exam Management System.csproj", "{D4470141-8EBC-47EC-B50A-E6FCD283FF58}"
EndProject
Global
	GlobalSection(SolutionConfigurationPlatforms) = preSolution
		Debug|Any CPU = Debug|Any CPU
		Release|Any CPU = Release|Any CPU
	EndGlobalSection
	GlobalSection(ProjectConfigurationPlatforms) = postSolution
		{D4470141-8EBC-47EC-B50A-E6FCD283FF58}.Debug|Any CPU.ActiveCfg = Debug|Any CPU
		{D4470141-8EBC-47EC-B50A-E6FCD283FF58}.Debug|Any CPU.Build.0 = Debug|Any CPU
		{D4470141-8EBC-47EC-B50A-E6FCD283FF58}.Release|Any CPU.ActiveCfg = Release|Any CPU
		{D4470141-8EBC-47EC-B50A-E6FCD283FF58}.Release|Any CPU.Build.0 = Release|Any CPU
	EndGlobalSection
	GlobalSection(SolutionProperties) = preSolution
		HideSolutionNode = FALSE
	EndGlobalSection
	GlobalSection(ExtensibilityGlobals) = postSolution
		SolutionGuid = {5F2B66F9-7907-42F3-B9BE-B8027C419A5D}
	EndGlobalSection
EndGlobal
